// !$*UTF8*$!
{
	archiveVersion = 1;
	classes = {
	};
	objectVersion = 46;
	objects = {

/* Begin PBXBuildFile section */
		39BEF5931C936801008B40C1 /* AppDelegate.swift in Sources */ = {isa = PBXBuildFile; fileRef = 39BEF5921C936801008B40C1 /* AppDelegate.swift */; };
		39BEF5951C936801008B40C1 /* ViewController.swift in Sources */ = {isa = PBXBuildFile; fileRef = 39BEF5941C936801008B40C1 /* ViewController.swift */; };
		39BEF5981C936801008B40C1 /* Main.storyboard in Resources */ = {isa = PBXBuildFile; fileRef = 39BEF5961C936801008B40C1 /* Main.storyboard */; };
		39BEF59A1C936801008B40C1 /* Assets.xcassets in Resources */ = {isa = PBXBuildFile; fileRef = 39BEF5991C936801008B40C1 /* Assets.xcassets */; };
		39BEF59D1C936801008B40C1 /* LaunchScreen.storyboard in Resources */ = {isa = PBXBuildFile; fileRef = 39BEF59B1C936801008B40C1 /* LaunchScreen.storyboard */; };
		39BEF5A81C936801008B40C1 /* AnimationsTestTests.swift in Sources */ = {isa = PBXBuildFile; fileRef = 39BEF5A71C936801008B40C1 /* AnimationsTestTests.swift */; };
		39BEF5B31C936801008B40C1 /* AnimationsTestUITests.swift in Sources */ = {isa = PBXBuildFile; fileRef = 39BEF5B21C936801008B40C1 /* AnimationsTestUITests.swift */; };
/* End PBXBuildFile section */

/* Begin PBXContainerItemProxy section */
		39BEF5A41C936801008B40C1 /* PBXContainerItemProxy */ = {
			isa = PBXContainerItemProxy;
			containerPortal = 39BEF5871C936801008B40C1 /* Project object */;
			proxyType = 1;
			remoteGlobalIDString = 39BEF58E1C936801008B40C1;
			remoteInfo = AnimationsTest;
		};
		39BEF5AF1C936801008B40C1 /* PBXContainerItemProxy */ = {
			isa = PBXContainerItemProxy;
			containerPortal = 39BEF5871C936801008B40C1 /* Project object */;
			proxyType = 1;
			remoteGlobalIDString = 39BEF58E1C936801008B40C1;
			remoteInfo = AnimationsTest;
		};
/* End PBXContainerItemProxy section */

/* Begin PBXFileReference section */
		39BEF58F1C936801008B40C1 /* AnimationsTest.app */ = {isa = PBXFileReference; explicitFileType = wrapper.application; includeInIndex = 0; path = AnimationsTest.app; sourceTree = BUILT_PRODUCTS_DIR; };
		39BEF5921C936801008B40C1 /* AppDelegate.swift */ = {isa = PBXFileReference; lastKnownFileType = sourcecode.swift; path = AppDelegate.swift; sourceTree = "<group>"; };
		39BEF5941C936801008B40C1 /* ViewController.swift */ = {isa = PBXFileReference; lastKnownFileType = sourcecode.swift; path = ViewController.swift; sourceTree = "<group>"; };
		39BEF5971C936801008B40C1 /* Base */ = {isa = PBXFileReference; lastKnownFileType = file.storyboard; name = Base; path = Base.lproj/Main.storyboard; sourceTree = "<group>"; };
		39BEF5991C936801008B40C1 /* Assets.xcassets */ = {isa = PBXFileReference; lastKnownFileType = folder.assetcatalog; path = Assets.xcassets; sourceTree = "<group>"; };
		39BEF59C1C936801008B40C1 /* Base */ = {isa = PBXFileReference; lastKnownFileType = file.storyboard; name = Base; path = Base.lproj/LaunchScreen.storyboard; sourceTree = "<group>"; };
		39BEF59E1C936801008B40C1 /* Info.plist */ = {isa = PBXFileReference; lastKnownFileType = text.plist.xml; path = Info.plist; sourceTree = "<group>"; };
		39BEF5A31C936801008B40C1 /* AnimationsTestTests.xctest */ = {isa = PBXFileReference; explicitFileType = wrapper.cfbundle; includeInIndex = 0; path = AnimationsTestTests.xctest; sourceTree = BUILT_PRODUCTS_DIR; };
		39BEF5A71C936801008B40C1 /* AnimationsTestTests.swift */ = {isa = PBXFileReference; lastKnownFileType = sourcecode.swift; path = AnimationsTestTests.swift; sourceTree = "<group>"; };
		39BEF5A91C936801008B40C1 /* Info.plist */ = {isa = PBXFileReference; lastKnownFileType = text.plist.xml; path = Info.plist; sourceTree = "<group>"; };
		39BEF5AE1C936801008B40C1 /* AnimationsTestUITests.xctest */ = {isa = PBXFileReference; explicitFileType = wrapper.cfbundle; includeInIndex = 0; path = AnimationsTestUITests.xctest; sourceTree = BUILT_PRODUCTS_DIR; };
		39BEF5B21C936801008B40C1 /* AnimationsTestUITests.swift */ = {isa = PBXFileReference; lastKnownFileType = sourcecode.swift; path = AnimationsTestUITests.swift; sourceTree = "<group>"; };
		39BEF5B41C936801008B40C1 /* Info.plist */ = {isa = PBXFileReference; lastKnownFileType = text.plist.xml; path = Info.plist; sourceTree = "<group>"; };
/* End PBXFileReference section */

/* Begin PBXFrameworksBuildPhase section */
		39BEF58C1C936801008B40C1 /* Frameworks */ = {
			isa = PBXFrameworksBuildPhase;
			buildActionMask = 2147483647;
			files = (
			);
			runOnlyForDeploymentPostprocessing = 0;
		};
		39BEF5A01C936801008B40C1 /* Frameworks */ = {
			isa = PBXFrameworksBuildPhase;
			buildActionMask = 2147483647;
			files = (
			);
			runOnlyForDeploymentPostprocessing = 0;
		};
		39BEF5AB1C936801008B40C1 /* Frameworks */ = {
			isa = PBXFrameworksBuildPhase;
			buildActionMask = 2147483647;
			files = (
			);
			runOnlyForDeploymentPostprocessing = 0;
		};
/* End PBXFrameworksBuildPhase section */

/* Begin PBXGroup section */
		39BEF5861C936801008B40C1 = {
			isa = PBXGroup;
			children = (
				39BEF5911C936801008B40C1 /* AnimationsTest */,
				39BEF5A61C936801008B40C1 /* AnimationsTestTests */,
				39BEF5B11C936801008B40C1 /* AnimationsTestUITests */,
				39BEF5901C936801008B40C1 /* Products */,
			);
			sourceTree = "<group>";
		};
		39BEF5901C936801008B40C1 /* Products */ = {
			isa = PBXGroup;
			children = (
				39BEF58F1C936801008B40C1 /* AnimationsTest.app */,
				39BEF5A31C936801008B40C1 /* AnimationsTestTests.xctest */,
				39BEF5AE1C936801008B40C1 /* AnimationsTestUITests.xctest */,
			);
			name = Products;
			sourceTree = "<group>";
		};
		39BEF5911C936801008B40C1 /* AnimationsTest */ = {
			isa = PBXGroup;
			children = (
				39BEF5921C936801008B40C1 /* AppDelegate.swift */,
				39BEF5941C936801008B40C1 /* ViewController.swift */,
				39BEF5961C936801008B40C1 /* Main.storyboard */,
				39BEF5991C936801008B40C1 /* Assets.xcassets */,
				39BEF59B1C936801008B40C1 /* LaunchScreen.storyboard */,
				39BEF59E1C936801008B40C1 /* Info.plist */,
			);
			path = AnimationsTest;
			sourceTree = "<group>";
		};
		39BEF5A61C936801008B40C1 /* AnimationsTestTests */ = {
			isa = PBXGroup;
			children = (
				39BEF5A71C936801008B40C1 /* AnimationsTestTests.swift */,
				39BEF5A91C936801008B40C1 /* Info.plist */,
			);
			path = AnimationsTestTests;
			sourceTree = "<group>";
		};
		39BEF5B11C936801008B40C1 /* AnimationsTestUITests */ = {
			isa = PBXGroup;
			children = (
				39BEF5B21C936801008B40C1 /* AnimationsTestUITests.swift */,
				39BEF5B41C936801008B40C1 /* Info.plist */,
			);
			path = AnimationsTestUITests;
			sourceTree = "<group>";
		};
/* End PBXGroup section */

/* Begin PBXNativeTarget section */
		39BEF58E1C936801008B40C1 /* AnimationsTest */ = {
			isa = PBXNativeTarget;
			buildConfigurationList = 39BEF5B71C936801008B40C1 /* Build configuration list for PBXNativeTarget "AnimationsTest" */;
			buildPhases = (
				39BEF58B1C936801008B40C1 /* Sources */,
				39BEF58C1C936801008B40C1 /* Frameworks */,
				39BEF58D1C936801008B40C1 /* Resources */,
			);
			buildRules = (
			);
			dependencies = (
			);
			name = AnimationsTest;
			productName = AnimationsTest;
			productReference = 39BEF58F1C936801008B40C1 /* AnimationsTest.app */;
			productType = "com.apple.product-type.application";
		};
		39BEF5A21C936801008B40C1 /* AnimationsTestTests */ = {
			isa = PBXNativeTarget;
			buildConfigurationList = 39BEF5BA1C936801008B40C1 /* Build configuration list for PBXNativeTarget "AnimationsTestTests" */;
			buildPhases = (
				39BEF59F1C936801008B40C1 /* Sources */,
				39BEF5A01C936801008B40C1 /* Frameworks */,
				39BEF5A11C936801008B40C1 /* Resources */,
			);
			buildRules = (
			);
			dependencies = (
				39BEF5A51C936801008B40C1 /* PBXTargetDependency */,
			);
			name = AnimationsTestTests;
			productName = AnimationsTestTests;
			productReference = 39BEF5A31C936801008B40C1 /* AnimationsTestTests.xctest */;
			productType = "com.apple.product-type.bundle.unit-test";
		};
		39BEF5AD1C936801008B40C1 /* AnimationsTestUITests */ = {
			isa = PBXNativeTarget;
			buildConfigurationList = 39BEF5BD1C936801008B40C1 /* Build configuration list for PBXNativeTarget "AnimationsTestUITests" */;
			buildPhases = (
				39BEF5AA1C936801008B40C1 /* Sources */,
				39BEF5AB1C936801008B40C1 /* Frameworks */,
				39BEF5AC1C936801008B40C1 /* Resources */,
			);
			buildRules = (
			);
			dependencies = (
				39BEF5B01C936801008B40C1 /* PBXTargetDependency */,
			);
			name = AnimationsTestUITests;
			productName = AnimationsTestUITests;
			productReference = 39BEF5AE1C936801008B40C1 /* AnimationsTestUITests.xctest */;
			productType = "com.apple.product-type.bundle.ui-testing";
		};
/* End PBXNativeTarget section */

/* Begin PBXProject section */
		39BEF5871C936801008B40C1 /* Project object */ = {
			isa = PBXProject;
			attributes = {
				LastSwiftUpdateCheck = 0720;
				LastUpgradeCheck = 0720;
				ORGANIZATIONNAME = "Hannah Peckham";
				TargetAttributes = {
					39BEF58E1C936801008B40C1 = {
						CreatedOnToolsVersion = 7.2.1;
						DevelopmentTeam = Q7KS288RS5;
					};
					39BEF5A21C936801008B40C1 = {
						CreatedOnToolsVersion = 7.2.1;
						DevelopmentTeam = Q7KS288RS5;
						TestTargetID = 39BEF58E1C936801008B40C1;
					};
					39BEF5AD1C936801008B40C1 = {
						CreatedOnToolsVersion = 7.2.1;
						DevelopmentTeam = Q7KS288RS5;
						TestTargetID = 39BEF58E1C936801008B40C1;
					};
				};
			};
			buildConfigurationList = 39BEF58A1C936801008B40C1 /* Build configuration list for PBXProject "AnimationsTest" */;
			compatibilityVersion = "Xcode 3.2";
			developmentRegion = English;
			hasScannedForEncodings = 0;
			knownRegions = (
				en,
				Base,
			);
			mainGroup = 39BEF5861C936801008B40C1;
			productRefGroup = 39BEF5901C936801008B40C1 /* Products */;
			projectDirPath = "";
			projectRoot = "";
			targets = (
				39BEF58E1C936801008B40C1 /* AnimationsTest */,
				39BEF5A21C936801008B40C1 /* AnimationsTestTests */,
				39BEF5AD1C936801008B40C1 /* AnimationsTestUITests */,
			);
		};
/* End PBXProject section */

/* Begin PBXResourcesBuildPhase section */
		39BEF58D1C936801008B40C1 /* Resources */ = {
			isa = PBXResourcesBuildPhase;
			buildActionMask = 2147483647;
			files = (
				39BEF59D1C936801008B40C1 /* LaunchScreen.storyboard in Resources */,
				39BEF59A1C936801008B40C1 /* Assets.xcassets in Resources */,
				39BEF5981C936801008B40C1 /* Main.storyboard in Resources */,
			);
			runOnlyForDeploymentPostprocessing = 0;
		};
		39BEF5A11C936801008B40C1 /* Resources */ = {
			isa = PBXResourcesBuildPhase;
			buildActionMask = 2147483647;
			files = (
			);
			runOnlyForDeploymentPostprocessing = 0;
		};
		39BEF5AC1C936801008B40C1 /* Resources */ = {
			isa = PBXResourcesBuildPhase;
			buildActionMask = 2147483647;
			files = (
			);
			runOnlyForDeploymentPostprocessing = 0;
		};
/* End PBXResourcesBuildPhase section */

/* Begin PBXSourcesBuildPhase section */
		39BEF58B1C936801008B40C1 /* Sources */ = {
			isa = PBXSourcesBuildPhase;
			buildActionMask = 2147483647;
			files = (
				39BEF5951C936801008B40C1 /* ViewController.swift in Sources */,
				39BEF5931C936801008B40C1 /* AppDelegate.swift in Sources */,
			);
			runOnlyForDeploymentPostprocessing = 0;
		};
		39BEF59F1C936801008B40C1 /* Sources */ = {
			isa = PBXSourcesBuildPhase;
			buildActionMask = 2147483647;
			files = (
				39BEF5A81C936801008B40C1 /* AnimationsTestTests.swift in Sources */,
			);
			runOnlyForDeploymentPostprocessing = 0;
		};
		39BEF5AA1C936801008B40C1 /* Sources */ = {
			isa = PBXSourcesBuildPhase;
			buildActionMask = 2147483647;
			files = (
				39BEF5B31C936801008B40C1 /* AnimationsTestUITests.swift in Sources */,
			);
			runOnlyForDeploymentPostprocessing = 0;
		};
/* End PBXSourcesBuildPhase section */

/* Begin PBXTargetDependency section */
		39BEF5A51C936801008B40C1 /* PBXTargetDependency */ = {
			isa = PBXTargetDependency;
			target = 39BEF58E1C936801008B40C1 /* AnimationsTest */;
			targetProxy = 39BEF5A41C936801008B40C1 /* PBXContainerItemProxy */;
		};
		39BEF5B01C936801008B40C1 /* PBXTargetDependency */ = {
			isa = PBXTargetDependency;
			target = 39BEF58E1C936801008B40C1 /* AnimationsTest */;
			targetProxy = 39BEF5AF1C936801008B40C1 /* PBXContainerItemProxy */;
		};
/* End PBXTargetDependency section */

/* Begin PBXVariantGroup section */
		39BEF5961C936801008B40C1 /* Main.storyboard */ = {
			isa = PBXVariantGroup;
			children = (
				39BEF5971C936801008B40C1 /* Base */,
			);
			name = Main.storyboard;
			sourceTree = "<group>";
		};
		39BEF59B1C936801008B40C1 /* LaunchScreen.storyboard */ = {
			isa = PBXVariantGroup;
			children = (
				39BEF59C1C936801008B40C1 /* Base */,
			);
			name = LaunchScreen.storyboard;
			sourceTree = "<group>";
		};
/* End PBXVariantGroup section */

/* Begin XCBuildConfiguration section */
		39BEF5B51C936801008B40C1 /* Debug */ = {
			isa = XCBuildConfiguration;
			buildSettings = {
				ALWAYS_SEARCH_USER_PATHS = NO;
				CLANG_CXX_LANGUAGE_STANDARD = "gnu++0x";
				CLANG_CXX_LIBRARY = "libc++";
				CLANG_ENABLE_MODULES = YES;
				CLANG_ENABLE_OBJC_ARC = YES;
				CLANG_WARN_BOOL_CONVERSION = YES;
				CLANG_WARN_CONSTANT_CONVERSION = YES;
				CLANG_WARN_DIRECT_OBJC_ISA_USAGE = YES_ERROR;
				CLANG_WARN_EMPTY_BODY = YES;
				CLANG_WARN_ENUM_CONVERSION = YES;
				CLANG_WARN_INT_CONVERSION = YES;
				CLANG_WARN_OBJC_ROOT_CLASS = YES_ERROR;
				CLANG_WARN_UNREACHABLE_CODE = YES;
				CLANG_WARN__DUPLICATE_METHOD_MATCH = YES;
				"CODE_SIGN_IDENTITY[sdk=iphoneos*]" = "iPhone Developer";
				COPY_PHASE_STRIP = NO;
				DEBUG_INFORMATION_FORMAT = dwarf;
				ENABLE_STRICT_OBJC_MSGSEND = YES;
				ENABLE_TESTABILITY = YES;
				GCC_C_LANGUAGE_STANDARD = gnu99;
				GCC_DYNAMIC_NO_PIC = NO;
				GCC_NO_COMMON_BLOCKS = YES;
				GCC_OPTIMIZATION_LEVEL = 0;
				GCC_PREPROCESSOR_DEFINITIONS = (
					"DEBUG=1",
					"$(inherited)",
				);
				GCC_WARN_64_TO_32_BIT_CONVERSION = YES;
				GCC_WARN_ABOUT_RETURN_TYPE = YES_ERROR;
				GCC_WARN_UNDECLARED_SELECTOR = YES;
				GCC_WARN_UNINITIALIZED_AUTOS = YES_AGGRESSIVE;
				GCC_WARN_UNUSED_FUNCTION = YES;
				GCC_WARN_UNUSED_VARIABLE = YES;
				IPHONEOS_DEPLOYMENT_TARGET = 9.2;
				MTL_ENABLE_DEBUG_INFO = YES;
				ONLY_ACTIVE_ARCH = YES;
				SDKROOT = iphoneos;
				SWIFT_OPTIMIZATION_LEVEL = "-Onone";
			};
			name = Debug;
		};
		39BEF5B61C936801008B40C1 /* Release */ = {
			isa = XCBuildConfiguration;
			buildSettings = {
				ALWAYS_SEARCH_USER_PATHS = NO;
				CLANG_CXX_LANGUAGE_STANDARD = "gnu++0x";
				CLANG_CXX_LIBRARY = "libc++";
				CLANG_ENABLE_MODULES = YES;
				CLANG_ENABLE_OBJC_ARC = YES;
				CLANG_WARN_BOOL_CONVERSION = YES;
				CLANG_WARN_CONSTANT_CONVERSION = YES;
				CLANG_WARN_DIRECT_OBJC_ISA_USAGE = YES_ERROR;
				CLANG_WARN_EMPTY_BODY = YES;
				CLANG_WARN_ENUM_CONVERSION = YES;
				CLANG_WARN_INT_CONVERSION = YES;
				CLANG_WARN_OBJC_ROOT_CLASS = YES_ERROR;
				CLANG_WARN_UNREACHABLE_CODE = YES;
				CLANG_WARN__DUPLICATE_METHOD_MATCH = YES;
				"CODE_SIGN_IDENTITY[sdk=iphoneos*]" = "iPhone Developer";
				COPY_PHASE_STRIP = NO;
				DEBUG_INFORMATION_FORMAT = "dwarf-with-dsym";
				ENABLE_NS_ASSERTIONS = NO;
				ENABLE_STRICT_OBJC_MSGSEND = YES;
				GCC_C_LANGUAGE_STANDARD = gnu99;
				GCC_NO_COMMON_BLOCKS = YES;
				GCC_WARN_64_TO_32_BIT_CONVERSION = YES;
				GCC_WARN_ABOUT_RETURN_TYPE = YES_ERROR;
				GCC_WARN_UNDECLARED_SELECTOR = YES;
				GCC_WARN_UNINITIALIZED_AUTOS = YES_AGGRESSIVE;
				GCC_WARN_UNUSED_FUNCTION = YES;
				GCC_WARN_UNUSED_VARIABLE = YES;
				IPHONEOS_DEPLOYMENT_TARGET = 9.2;
				MTL_ENABLE_DEBUG_INFO = NO;
				SDKROOT = iphoneos;
				VALIDATE_PRODUCT = YES;
			};
			name = Release;
		};
		39BEF5B81C936801008B40C1 /* Debug */ = {
			isa = XCBuildConfiguration;
			buildSettings = {
				ASSETCATALOG_COMPILER_APPICON_NAME = AppIcon;
				INFOPLIST_FILE = AnimationsTest/Info.plist;
				LD_RUNPATH_SEARCH_PATHS = "$(inherited) @executable_path/Frameworks";
				PRODUCT_BUNDLE_IDENTIFIER = Test.AnimationsTest;
				PRODUCT_NAME = "$(TARGET_NAME)";
			};
			name = Debug;
		};
		39BEF5B91C936801008B40C1 /* Release */ = {
			isa = XCBuildConfiguration;
			buildSettings = {
				ASSETCATALOG_COMPILER_APPICON_NAME = AppIcon;
				INFOPLIST_FILE = AnimationsTest/Info.plist;
				LD_RUNPATH_SEARCH_PATHS = "$(inherited) @executable_path/Frameworks";
				PRODUCT_BUNDLE_IDENTIFIER = Test.AnimationsTest;
				PRODUCT_NAME = "$(TARGET_NAME)";
			};
			name = Release;
		};
		39BEF5BB1C936801008B40C1 /* Debug */ = {
			isa = XCBuildConfiguration;
			buildSettings = {
				BUNDLE_LOADER = "$(TEST_HOST)";
				INFOPLIST_FILE = AnimationsTestTests/Info.plist;
				LD_RUNPATH_SEARCH_PATHS = "$(inherited) @executable_path/Frameworks @loader_path/Frameworks";
				PRODUCT_BUNDLE_IDENTIFIER = Test.AnimationsTestTests;
				PRODUCT_NAME = "$(TARGET_NAME)";
				TEST_HOST = "$(BUILT_PRODUCTS_DIR)/AnimationsTest.app/AnimationsTest";
			};
			name = Debug;
		};
		39BEF5BC1C936801008B40C1 /* Release */ = {
			isa = XCBuildConfiguration;
			buildSettings = {
				BUNDLE_LOADER = "$(TEST_HOST)";
				INFOPLIST_FILE = AnimationsTestTests/Info.plist;
				LD_RUNPATH_SEARCH_PATHS = "$(inherited) @executable_path/Frameworks @loader_path/Frameworks";
				PRODUCT_BUNDLE_IDENTIFIER = Test.AnimationsTestTests;
				PRODUCT_NAME = "$(TARGET_NAME)";
				TEST_HOST = "$(BUILT_PRODUCTS_DIR)/AnimationsTest.app/AnimationsTest";
			};
			name = Release;
		};
		39BEF5BE1C936801008B40C1 /* Debug */ = {
			isa = XCBuildConfiguration;
			buildSettings = {
				INFOPLIST_FILE = AnimationsTestUITests/Info.plist;
				LD_RUNPATH_SEARCH_PATHS = "$(inherited) @executable_path/Frameworks @loader_path/Frameworks";
				PRODUCT_BUNDLE_IDENTIFIER = Test.AnimationsTestUITests;
				PRODUCT_NAME = "$(TARGET_NAME)";
				TEST_TARGET_NAME = AnimationsTest;
				USES_XCTRUNNER = YES;
			};
			name = Debug;
		};
		39BEF5BF1C936801008B40C1 /* Release */ = {
			isa = XCBuildConfiguration;
			buildSettings = {
				INFOPLIST_FILE = AnimationsTestUITests/Info.plist;
				LD_RUNPATH_SEARCH_PATHS = "$(inherited) @executable_path/Frameworks @loader_path/Frameworks";
				PRODUCT_BUNDLE_IDENTIFIER = Test.AnimationsTestUITests;
				PRODUCT_NAME = "$(TARGET_NAME)";
				TEST_TARGET_NAME = AnimationsTest;
				USES_XCTRUNNER = YES;
			};
			name = Release;
		};
/* End XCBuildConfiguration section */

/* Begin XCConfigurationList section */
		39BEF58A1C936801008B40C1 /* Build configuration list for PBXProject "AnimationsTest" */ = {
			isa = XCConfigurationList;
			buildConfigurations = (
				39BEF5B51C936801008B40C1 /* Debug */,
				39BEF5B61C936801008B40C1 /* Release */,
			);
			defaultConfigurationIsVisible = 0;
			defaultConfigurationName = Release;
		};
		39BEF5B71C936801008B40C1 /* Build configuration list for PBXNativeTarget "AnimationsTest" */ = {
			isa = XCConfigurationList;
			buildConfigurations = (
				39BEF5B81C936801008B40C1 /* Debug */,
				39BEF5B91C936801008B40C1 /* Release */,
			);
			defaultConfigurationIsVisible = 0;
		};
		39BEF5BA1C936801008B40C1 /* Build configuration list for PBXNativeTarget "AnimationsTestTests" */ = {
			isa = XCConfigurationList;
			buildConfigurations = (
				39BEF5BB1C936801008B40C1 /* Debug */,
				39BEF5BC1C936801008B40C1 /* Release */,
			);
			defaultConfigurationIsVisible = 0;
		};
		39BEF5BD1C936801008B40C1 /* Build configuration list for PBXNativeTarget "AnimationsTestUITests" */ = {
			isa = XCConfigurationList;
			buildConfigurations = (
				39BEF5BE1C936801008B40C1 /* Debug */,
				39BEF5BF1C936801008B40C1 /* Release */,
			);
			defaultConfigurationIsVisible = 0;
		};
/* End XCConfigurationList section */
	};
	rootObject = 39BEF5871C936801008B40C1 /* Project object */;
}
